
Microsoft Visual Studio Solution File, Format Version 12.00
# Visual Studio Version 17
VisualStudioVersion = 17.1.32210.238
MinimumVisualStudioVersion = 10.0.40219.1
Project("{FAE04EC0-301F-11D3-BF4B-00C04F79EFBC}") = "ConsoleApp2", "ConsoleApp2\ConsoleApp2.csproj", "{FD4E1407-A785-4AF5-A180-4342C4FC0A19}"
EndProject
Project("{FAE04EC0-301F-11D3-BF4B-00C04F79EFBC}") = "ConsoleApp1", "ConsoleApp1\ConsoleApp1.csproj", "{74DB5121-B62C-425B-90C6-DAF68DFE0BB9}"
EndProject
Global
	GlobalSection(SolutionConfigurationPlatforms) = preSolution
		Debug|Any CPU = Debug|Any CPU
		Release|Any CPU = Release|Any CPU
	EndGlobalSection
	GlobalSection(ProjectConfigurationPlatforms) = postSolution
		{FD4E1407-A785-4AF5-A180-4342C4FC0A19}.Debug|Any CPU.ActiveCfg = Debug|Any CPU
		{FD4E1407-A785-4AF5-A180-4342C4FC0A19}.Debug|Any CPU.Build.0 = Debug|Any CPU
		{FD4E1407-A785-4AF5-A180-4342C4FC0A19}.Release|Any CPU.ActiveCfg = Release|Any CPU
		{FD4E1407-A785-4AF5-A180-4342C4FC0A19}.Release|Any CPU.Build.0 = Release|Any CPU
		{74DB5121-B62C-425B-90C6-DAF68DFE0BB9}.Debug|Any CPU.ActiveCfg = Debug|Any CPU
		{74DB5121-B62C-425B-90C6-DAF68DFE0BB9}.Debug|Any CPU.Build.0 = Debug|Any CPU
		{74DB5121-B62C-425B-90C6-DAF68DFE0BB9}.Release|Any CPU.ActiveCfg = Release|Any CPU
		{74DB5121-B62C-425B-90C6-DAF68DFE0BB9}.Release|Any CPU.Build.0 = Release|Any CPU
	EndGlobalSection
	GlobalSection(SolutionProperties) = preSolution
		HideSolutionNode = FALSE
	EndGlobalSection
	GlobalSection(ExtensibilityGlobals) = postSolution
		SolutionGuid = {9A5192E5-B21A-401D-B9F7-B689A9D85061}
	EndGlobalSection
EndGlobal
